
Microsoft Visual Studio Solution File, Format Version 12.00
# Visual Studio 15
VisualStudioVersion = 15.0.26430.16
MinimumVisualStudioVersion = 10.0.40219.1
Project("{9A19103F-16F7-4668-BE54-9A1E7A4F7556}") = "CBOR", "CBOR\CBOR.csproj", "{E7D2EFC3-7E46-4352-9B8A-1436C8FE2911}"
EndProject
Project("{9A19103F-16F7-4668-BE54-9A1E7A4F7556}") = "CBOR.Tests", "CBOR.Tests\CBOR.Tests.csproj", "{FBF82988-73A8-4829-8DC0-9843EAA765A2}"
EndProject
Project("{2150E333-8FDC-42A3-9474-1A3956D46DE8}") = "Solution Items", "Solution Items", "{BEB28D5A-9050-4591-B916-FDF7A9153D51}"
	ProjectSection(SolutionItems) = preProject
		Readme.md = Readme.md
	EndProjectSection
EndProject
Global
	GlobalSection(SolutionConfigurationPlatforms) = preSolution
		Debug|Any CPU = Debug|Any CPU
		Release|Any CPU = Release|Any CPU
	EndGlobalSection
	GlobalSection(ProjectConfigurationPlatforms) = postSolution
		{E7D2EFC3-7E46-4352-9B8A-1436C8FE2911}.Debug|Any CPU.ActiveCfg = Debug|Any CPU
		{E7D2EFC3-7E46-4352-9B8A-1436C8FE2911}.Debug|Any CPU.Build.0 = Debug|Any CPU
		{E7D2EFC3-7E46-4352-9B8A-1436C8FE2911}.Release|Any CPU.ActiveCfg = Release|Any CPU
		{E7D2EFC3-7E46-4352-9B8A-1436C8FE2911}.Release|Any CPU.Build.0 = Release|Any CPU
		{FBF82988-73A8-4829-8DC0-9843EAA765A2}.Debug|Any CPU.ActiveCfg = Debug|Any CPU
		{FBF82988-73A8-4829-8DC0-9843EAA765A2}.Debug|Any CPU.Build.0 = Debug|Any CPU
		{FBF82988-73A8-4829-8DC0-9843EAA765A2}.Release|Any CPU.ActiveCfg = Release|Any CPU
		{FBF82988-73A8-4829-8DC0-9843EAA765A2}.Release|Any CPU.Build.0 = Release|Any CPU
	EndGlobalSection
	GlobalSection(SolutionProperties) = preSolution
		HideSolutionNode = FALSE
	EndGlobalSection
EndGlobal
